# This file is automatically @generated by Cargo.
# It is not intended for manual editing.
version = 4

[[package]]
name = "must-cache"
version = "0.1.0"

[[package]]
name = "must-cli"
version = "0.1.0"

[[package]]
name = "must-config"
version = "0.1.0"

[[package]]
name = "must-core"
version = "0.1.0"

[[package]]
name = "must-engine"
version = "0.1.0"

[[package]]
name = "must-graph"
version = "0.1.0"

[[package]]
name = "must-recipe-shell"
version = "0.1.0"
